{
  "name": "@helsevestikt/hviktor-angular",
  "version": "0.1.1",
  "lockfileVersion": 3,
  "requires": true,
  "packages": {
    "": {
      "name": "@helsevestikt/hviktor-angular",
      "version": "0.1.1",
      "license": "MIT",
      "dependencies": {
        "@digdir/designsystemet-css": "^1.13.1",
        "@digdir/designsystemet-web": "^1.13.1",
        "@u-elements/u-combobox": "^1.0.7",
        "@u-elements/u-details": "^0.1.5",
        "@u-elements/u-tabs": "^0.1.2",
        "tslib": "^2.3.0"
      },
      "peerDependencies": {
        "@angular/common": ">=17.0.0 <22.0.0",
        "@angular/core": ">=17.0.0 <22.0.0"
      }
    },
    "node_modules/@angular/common": {
      "version": "21.2.8",
      "resolved": "https://registry.npmjs.org/@angular/common/-/common-21.2.8.tgz",
      "integrity": "sha512-ZvgcxsLPkSG0B1jc2ZXshAWIFBoQ0U9uwIX/zG/RGcfMpoKyEDNAebli6FTIpxIlz/35rtBNV7EGPhinjPTJFQ==",
      "license": "MIT",
      "peer": true,
      "dependencies": {
        "tslib": "^2.3.0"
      },
      "engines": {
        "node": "^20.19.0 || ^22.12.0 || >=24.0.0"
      },
      "peerDependencies": {
        "@angular/core": "21.2.8",
        "rxjs": "^6.5.3 || ^7.4.0"
      }
    },
    "node_modules/@angular/core": {
      "version": "21.2.8",
      "resolved": "https://registry.npmjs.org/@angular/core/-/core-21.2.8.tgz",
      "integrity": "sha512-hI7n4t8qgFJaVV55LIaNuzcdP+/IeuqQRu3huSLo47Gf6uZAD0Acj4Ye9SC8YNmhUu5/RiImngm9NOlcI2oCJA==",
      "license": "MIT",
      "peer": true,
      "dependencies": {
        "tslib": "^2.3.0"
      },
      "engines": {
        "node": "^20.19.0 || ^22.12.0 || >=24.0.0"
      },
      "peerDependencies": {
        "@angular/compiler": "21.2.8",
        "rxjs": "^6.5.3 || ^7.4.0",
        "zone.js": "~0.15.0 || ~0.16.0"
      },
      "peerDependenciesMeta": {
        "@angular/compiler": {
          "optional": true
        },
        "zone.js": {
          "optional": true
        }
      }
    },
    "node_modules/@digdir/designsystemet-css": {
      "version": "1.13.1",
      "resolved": "https://registry.npmjs.org/@digdir/designsystemet-css/-/designsystemet-css-1.13.1.tgz",
      "integrity": "sha512-GcXbTD4aNeIf+gcqhLnraulG7tIVQVr0OMLlxeD5eDLgZiuwUyst6tGBYOe7pMLPnwZin4+fg1xpobHsv3WZBQ==",
      "license": "MIT",
      "dependencies": {
        "@digdir/designsystemet-types": "^1.13.1"
      }
    },
    "node_modules/@digdir/designsystemet-types": {
      "version": "1.13.1",
      "resolved": "https://registry.npmjs.org/@digdir/designsystemet-types/-/designsystemet-types-1.13.1.tgz",
      "integrity": "sha512-oIaxQrUMhhfni3NpvG1lpOxOjCHs9Dm062VlTgbTJ8MbOizLx/W23ayGtOE79CiG77Dt5kga3TC9DMalONfDAg==",
      "license": "MIT"
    },
    "node_modules/@digdir/designsystemet-web": {
      "version": "1.13.1",
      "resolved": "https://registry.npmjs.org/@digdir/designsystemet-web/-/designsystemet-web-1.13.1.tgz",
      "integrity": "sha512-S3TsW83YGIQs6h/EI40luJ2K4hgNADuTdt8+1akZAw3wCcfNBBuN72ZUUgSL94BKIaxwp8bSUCfHMD9VpRI6tg==",
      "license": "MIT",
      "dependencies": {
        "@floating-ui/dom": "^1.7.6",
        "@u-elements/u-combobox": "^1.0.7",
        "@u-elements/u-datalist": "^1.1.0",
        "@u-elements/u-details": "^0.2.2",
        "@u-elements/u-progress": "^0.0.7",
        "@u-elements/u-tabs": "^0.1.2",
        "invokers-polyfill": "^0.6.1"
      }
    },
    "node_modules/@digdir/designsystemet-web/node_modules/@u-elements/u-details": {
      "version": "0.2.2",
      "resolved": "https://registry.npmjs.org/@u-elements/u-details/-/u-details-0.2.2.tgz",
      "integrity": "sha512-8EJH3ajS34IjX4bauUi7z16FNZOLa3GNxfS6QReO1dck4nGNsHT25GYSyDaoQOQX7ZMxlsWADWrUJ9AGLgDO7w==",
      "license": "MIT"
    },
    "node_modules/@floating-ui/core": {
      "version": "1.7.5",
      "resolved": "https://registry.npmjs.org/@floating-ui/core/-/core-1.7.5.tgz",
      "integrity": "sha512-1Ih4WTWyw0+lKyFMcBHGbb5U5FtuHJuujoyyr5zTaWS5EYMeT6Jb2AuDeftsCsEuchO+mM2ij5+q9crhydzLhQ==",
      "license": "MIT",
      "dependencies": {
        "@floating-ui/utils": "^0.2.11"
      }
    },
    "node_modules/@floating-ui/dom": {
      "version": "1.7.6",
      "resolved": "https://registry.npmjs.org/@floating-ui/dom/-/dom-1.7.6.tgz",
      "integrity": "sha512-9gZSAI5XM36880PPMm//9dfiEngYoC6Am2izES1FF406YFsjvyBMmeJ2g4SAju3xWwtuynNRFL2s9hgxpLI5SQ==",
      "license": "MIT",
      "dependencies": {
        "@floating-ui/core": "^1.7.5",
        "@floating-ui/utils": "^0.2.11"
      }
    },
    "node_modules/@floating-ui/utils": {
      "version": "0.2.11",
      "resolved": "https://registry.npmjs.org/@floating-ui/utils/-/utils-0.2.11.tgz",
      "integrity": "sha512-RiB/yIh78pcIxl6lLMG0CgBXAZ2Y0eVHqMPYugu+9U0AeT6YBeiJpf7lbdJNIugFP5SIjwNRgo4DhR1Qxi26Gg==",
      "license": "MIT"
    },
    "node_modules/@u-elements/u-combobox": {
      "version": "1.0.7",
      "resolved": "https://registry.npmjs.org/@u-elements/u-combobox/-/u-combobox-1.0.7.tgz",
      "integrity": "sha512-rueG+Wof9ycmbjIW2omS4bLite5BkH87SWfkBrvSjrR1GWn4wgpjnUQ1lORDRalYcPYlgFWy2uGFEqqKPx3Yqw==",
      "license": "MIT"
    },
    "node_modules/@u-elements/u-datalist": {
      "version": "1.1.0",
      "resolved": "https://registry.npmjs.org/@u-elements/u-datalist/-/u-datalist-1.1.0.tgz",
      "integrity": "sha512-t8H3OddziXmq0YBuXodVWnvRi56WW4sfbJEIO1fx4i39sZ0s/0xjHBsoAsTZkb9mXJEtpgrsH8IkDYP0ZSgSXQ==",
      "license": "MIT"
    },
    "node_modules/@u-elements/u-details": {
      "version": "0.1.5",
      "resolved": "https://registry.npmjs.org/@u-elements/u-details/-/u-details-0.1.5.tgz",
      "integrity": "sha512-08sBhbc4u3VFlXIvH//m2yCDBHOJlQigs8QiKVLAVk2hMSg+fcRPggcgeBmtVPuy7iN3u/VURP6G2Ajlfbr6xg==",
      "license": "MIT"
    },
    "node_modules/@u-elements/u-progress": {
      "version": "0.0.7",
      "resolved": "https://registry.npmjs.org/@u-elements/u-progress/-/u-progress-0.0.7.tgz",
      "integrity": "sha512-T2Q6jwWL60we4qiZCOPqnhEfoI2lOaUP3EmYYvnVpZ+iA8HVuqT+kgdQgACiVymfGWgIzapTcP6xaM02AvPa/A==",
      "license": "MIT"
    },
    "node_modules/@u-elements/u-tabs": {
      "version": "0.1.2",
      "resolved": "https://registry.npmjs.org/@u-elements/u-tabs/-/u-tabs-0.1.2.tgz",
      "integrity": "sha512-KVYJFDPZdo+LXrW+mCMPEUen4wXi8VfSMDKWLt2+q6VgYqWBcAIZcaWBRWxIjXFzGfXQSJqD0amnYGaL1RGZ/w==",
      "license": "MIT"
    },
    "node_modules/invokers-polyfill": {
      "version": "0.6.1",
      "resolved": "https://registry.npmjs.org/invokers-polyfill/-/invokers-polyfill-0.6.1.tgz",
      "integrity": "sha512-SOl+PfmPcjaXGYvUs3GkbwXN5rAADzl3i33GJ1jOsGhwtlwfMonQvVu5/4aI7X9+J4g+KX2kfiO8jUIvISBubg==",
      "license": "MIT"
    },
    "node_modules/rxjs": {
      "version": "7.8.2",
      "resolved": "https://registry.npmjs.org/rxjs/-/rxjs-7.8.2.tgz",
      "integrity": "sha512-dhKf903U/PQZY6boNNtAGdWbG85WAbjT/1xYoZIC7FAY0yWapOBQVsVrDl58W86//e1VpMNBtRV4MaXfdMySFA==",
      "license": "Apache-2.0",
      "peer": true,
      "dependencies": {
        "tslib": "^2.1.0"
      }
    },
    "node_modules/tslib": {
      "version": "2.8.1",
      "resolved": "https://registry.npmjs.org/tslib/-/tslib-2.8.1.tgz",
      "integrity": "sha512-oJFu94HQb+KVduSUQL7wnpmqnfmLsOA/nAh6b6EH0wCEoK0/mPeXU6c3wKDV83MkOuHPRHtSXKKU99IBazS/2w==",
      "license": "0BSD"
    }
  }
}
